{
  "originHash" : "fe10aafbaf409842f476e8822e8d586ae13fa97ca251345350315549123c6d78",
  "pins" : [
    {
      "identity" : "onesignal-xcframework",
      "kind" : "remoteSourceControl",
      "location" : "https://github.com/OneSignal/OneSignal-XCFramework",
      "state" : {
        "revision" : "091f9c572b4a522f93cd1d4f2f524e3818a253f2",
        "version" : "3.12.5"
      }
    }
  ],
  "version" : 3
}
